// !$*UTF8*$!
{
	archiveVersion = 1;
	classes = {
	};
	objectVersion = 46;
	objects = {

/* Begin PBXBuildFile section */
		371555B71EC23D7800920D24 /* AppDelegate.swift in Sources */ = {isa = PBXBuildFile; fileRef = 371555B61EC23D7800920D24 /* AppDelegate.swift */; };
		371555B91EC23D7800920D24 /* ViewController.swift in Sources */ = {isa = PBXBuildFile; fileRef = 371555B81EC23D7800920D24 /* ViewController.swift */; };
		371555BC1EC23D7800920D24 /* Main.storyboard in Resources */ = {isa = PBXBuildFile; fileRef = 371555BA1EC23D7800920D24 /* Main.storyboard */; };
		371555BE1EC23D7800920D24 /* Assets.xcassets in Resources */ = {isa = PBXBuildFile; fileRef = 371555BD1EC23D7800920D24 /* Assets.xcassets */; };
		371555C11EC23D7800920D24 /* LaunchScreen.storyboard in Resources */ = {isa = PBXBuildFile; fileRef = 371555BF1EC23D7800920D24 /* LaunchScreen.storyboard */; };
		371555CC1EC23D7800920D24 /* TestTests.swift in Sources */ = {isa = PBXBuildFile; fileRef = 371555CB1EC23D7800920D24 /* TestTests.swift */; };
		371555D71EC23D7800920D24 /* TestUITests.swift in Sources */ = {isa = PBXBuildFile; fileRef = 371555D61EC23D7800920D24 /* TestUITests.swift */; };
/* End PBXBuildFile section */

/* Begin PBXContainerItemProxy section */
		371555C81EC23D7800920D24 /* PBXContainerItemProxy */ = {
			isa = PBXContainerItemProxy;
			containerPortal = 371555AB1EC23D7800920D24 /* Project object */;
			proxyType = 1;
			remoteGlobalIDString = 371555B21EC23D7800920D24;
			remoteInfo = Test;
		};
		371555D31EC23D7800920D24 /* PBXContainerItemProxy */ = {
			isa = PBXContainerItemProxy;
			containerPortal = 371555AB1EC23D7800920D24 /* Project object */;
			proxyType = 1;
			remoteGlobalIDString = 371555B21EC23D7800920D24;
			remoteInfo = Test;
		};
/* End PBXContainerItemProxy section */

/* Begin PBXFileReference section */
		371555B31EC23D7800920D24 /* Test.app */ = {isa = PBXFileReference; explicitFileType = wrapper.application; includeInIndex = 0; path = Test.app; sourceTree = BUILT_PRODUCTS_DIR; };
		371555B61EC23D7800920D24 /* AppDelegate.swift */ = {isa = PBXFileReference; lastKnownFileType = sourcecode.swift; path = AppDelegate.swift; sourceTree = "<group>"; };
		371555B81EC23D7800920D24 /* ViewController.swift */ = {isa = PBXFileReference; lastKnownFileType = sourcecode.swift; path = ViewController.swift; sourceTree = "<group>"; };
		371555BB1EC23D7800920D24 /* Base */ = {isa = PBXFileReference; lastKnownFileType = file.storyboard; name = Base; path = Base.lproj/Main.storyboard; sourceTree = "<group>"; };
		371555BD1EC23D7800920D24 /* Assets.xcassets */ = {isa = PBXFileReference; lastKnownFileType = folder.assetcatalog; path = Assets.xcassets; sourceTree = "<group>"; };
		371555C01EC23D7800920D24 /* Base */ = {isa = PBXFileReference; lastKnownFileType = file.storyboard; name = Base; path = Base.lproj/LaunchScreen.storyboard; sourceTree = "<group>"; };
		371555C21EC23D7800920D24 /* Info.plist */ = {isa = PBXFileReference; lastKnownFileType = text.plist.xml; path = Info.plist; sourceTree = "<group>"; };
		371555C71EC23D7800920D24 /* TestTests.xctest */ = {isa = PBXFileReference; explicitFileType = wrapper.cfbundle; includeInIndex = 0; path = TestTests.xctest; sourceTree = BUILT_PRODUCTS_DIR; };
		371555CB1EC23D7800920D24 /* TestTests.swift */ = {isa = PBXFileReference; lastKnownFileType = sourcecode.swift; path = TestTests.swift; sourceTree = "<group>"; };
		371555CD1EC23D7800920D24 /* Info.plist */ = {isa = PBXFileReference; lastKnownFileType = text.plist.xml; path = Info.plist; sourceTree = "<group>"; };
		371555D21EC23D7800920D24 /* TestUITests.xctest */ = {isa = PBXFileReference; explicitFileType = wrapper.cfbundle; includeInIndex = 0; path = TestUITests.xctest; sourceTree = BUILT_PRODUCTS_DIR; };
		371555D61EC23D7800920D24 /* TestUITests.swift */ = {isa = PBXFileReference; lastKnownFileType = sourcecode.swift; path = TestUITests.swift; sourceTree = "<group>"; };
		371555D81EC23D7800920D24 /* Info.plist */ = {isa = PBXFileReference; lastKnownFileType = text.plist.xml; path = Info.plist; sourceTree = "<group>"; };
/* End PBXFileReference section */

/* Begin PBXFrameworksBuildPhase section */
		371555B01EC23D7800920D24 /* Frameworks */ = {
			isa = PBXFrameworksBuildPhase;
			buildActionMask = 2147483647;
			files = (
			);
			runOnlyForDeploymentPostprocessing = 0;
		};
		371555C41EC23D7800920D24 /* Frameworks */ = {
			isa = PBXFrameworksBuildPhase;
			buildActionMask = 2147483647;
			files = (
			);
			runOnlyForDeploymentPostprocessing = 0;
		};
		371555CF1EC23D7800920D24 /* Frameworks */ = {
			isa = PBXFrameworksBuildPhase;
			buildActionMask = 2147483647;
			files = (
			);
			runOnlyForDeploymentPostprocessing = 0;
		};
/* End PBXFrameworksBuildPhase section */

/* Begin PBXGroup section */
		371555AA1EC23D7800920D24 = {
			isa = PBXGroup;
			children = (
				371555B51EC23D7800920D24 /* Test */,
				371555CA1EC23D7800920D24 /* TestTests */,
				371555D51EC23D7800920D24 /* TestUITests */,
				371555B41EC23D7800920D24 /* Products */,
			);
			sourceTree = "<group>";
		};
		371555B41EC23D7800920D24 /* Products */ = {
			isa = PBXGroup;
			children = (
				371555B31EC23D7800920D24 /* Test.app */,
				371555C71EC23D7800920D24 /* TestTests.xctest */,
				371555D21EC23D7800920D24 /* TestUITests.xctest */,
			);
			name = Products;
			sourceTree = "<group>";
		};
		371555B51EC23D7800920D24 /* Test */ = {
			isa = PBXGroup;
			children = (
				371555B61EC23D7800920D24 /* AppDelegate.swift */,
				371555B81EC23D7800920D24 /* ViewController.swift */,
				371555BA1EC23D7800920D24 /* Main.storyboard */,
				371555BD1EC23D7800920D24 /* Assets.xcassets */,
				371555BF1EC23D7800920D24 /* LaunchScreen.storyboard */,
				371555C21EC23D7800920D24 /* Info.plist */,
			);
			path = Test;
			sourceTree = "<group>";
		};
		371555CA1EC23D7800920D24 /* TestTests */ = {
			isa = PBXGroup;
			children = (
				371555CB1EC23D7800920D24 /* TestTests.swift */,
				371555CD1EC23D7800920D24 /* Info.plist */,
			);
			path = TestTests;
			sourceTree = "<group>";
		};
		371555D51EC23D7800920D24 /* TestUITests */ = {
			isa = PBXGroup;
			children = (
				371555D61EC23D7800920D24 /* TestUITests.swift */,
				371555D81EC23D7800920D24 /* Info.plist */,
			);
			path = TestUITests;
			sourceTree = "<group>";
		};
/* End PBXGroup section */

/* Begin PBXNativeTarget section */
		371555B21EC23D7800920D24 /* Test */ = {
			isa = PBXNativeTarget;
			buildConfigurationList = 371555DB1EC23D7800920D24 /* Build configuration list for PBXNativeTarget "Test" */;
			buildPhases = (
				371555AF1EC23D7800920D24 /* Sources */,
				371555B01EC23D7800920D24 /* Frameworks */,
				371555B11EC23D7800920D24 /* Resources */,
			);
			buildRules = (
			);
			dependencies = (
			);
			name = Test;
			productName = Test;
			productReference = 371555B31EC23D7800920D24 /* Test.app */;
			productType = "com.apple.product-type.application";
		};
		371555C61EC23D7800920D24 /* TestTests */ = {
			isa = PBXNativeTarget;
			buildConfigurationList = 371555DE1EC23D7800920D24 /* Build configuration list for PBXNativeTarget "TestTests" */;
			buildPhases = (
				371555C31EC23D7800920D24 /* Sources */,
				371555C41EC23D7800920D24 /* Frameworks */,
				371555C51EC23D7800920D24 /* Resources */,
			);
			buildRules = (
			);
			dependencies = (
				371555C91EC23D7800920D24 /* PBXTargetDependency */,
			);
			name = TestTests;
			productName = TestTests;
			productReference = 371555C71EC23D7800920D24 /* TestTests.xctest */;
			productType = "com.apple.product-type.bundle.unit-test";
		};
		371555D11EC23D7800920D24 /* TestUITests */ = {
			isa = PBXNativeTarget;
			buildConfigurationList = 371555E11EC23D7800920D24 /* Build configuration list for PBXNativeTarget "TestUITests" */;
			buildPhases = (
				371555CE1EC23D7800920D24 /* Sources */,
				371555CF1EC23D7800920D24 /* Frameworks */,
				371555D01EC23D7800920D24 /* Resources */,
			);
			buildRules = (
			);
			dependencies = (
				371555D41EC23D7800920D24 /* PBXTargetDependency */,
			);
			name = TestUITests;
			productName = TestUITests;
			productReference = 371555D21EC23D7800920D24 /* TestUITests.xctest */;
			productType = "com.apple.product-type.bundle.ui-testing";
		};
/* End PBXNativeTarget section */

/* Begin PBXProject section */
		371555AB1EC23D7800920D24 /* Project object */ = {
			isa = PBXProject;
			attributes = {
				LastSwiftUpdateCheck = 0820;
				LastUpgradeCheck = 0820;
				ORGANIZATIONNAME = "Katelyn Brasher";
				TargetAttributes = {
					371555B21EC23D7800920D24 = {
						CreatedOnToolsVersion = 8.2;
						ProvisioningStyle = Automatic;
					};
					371555C61EC23D7800920D24 = {
						CreatedOnToolsVersion = 8.2;
						ProvisioningStyle = Automatic;
						TestTargetID = 371555B21EC23D7800920D24;
					};
					371555D11EC23D7800920D24 = {
						CreatedOnToolsVersion = 8.2;
						ProvisioningStyle = Automatic;
						TestTargetID = 371555B21EC23D7800920D24;
					};
				};
			};
			buildConfigurationList = 371555AE1EC23D7800920D24 /* Build configuration list for PBXProject "Test" */;
			compatibilityVersion = "Xcode 3.2";
			developmentRegion = English;
			hasScannedForEncodings = 0;
			knownRegions = (
				en,
				Base,
			);
			mainGroup = 371555AA1EC23D7800920D24;
			productRefGroup = 371555B41EC23D7800920D24 /* Products */;
			projectDirPath = "";
			projectRoot = "";
			targets = (
				371555B21EC23D7800920D24 /* Test */,
				371555C61EC23D7800920D24 /* TestTests */,
				371555D11EC23D7800920D24 /* TestUITests */,
			);
		};
/* End PBXProject section */

/* Begin PBXResourcesBuildPhase section */
		371555B11EC23D7800920D24 /* Resources */ = {
			isa = PBXResourcesBuildPhase;
			buildActionMask = 2147483647;
			files = (
				371555C11EC23D7800920D24 /* LaunchScreen.storyboard in Resources */,
				371555BE1EC23D7800920D24 /* Assets.xcassets in Resources */,
				371555BC1EC23D7800920D24 /* Main.storyboard in Resources */,
			);
			runOnlyForDeploymentPostprocessing = 0;
		};
		371555C51EC23D7800920D24 /* Resources */ = {
			isa = PBXResourcesBuildPhase;
			buildActionMask = 2147483647;
			files = (
			);
			runOnlyForDeploymentPostprocessing = 0;
		};
		371555D01EC23D7800920D24 /* Resources */ = {
			isa = PBXResourcesBuildPhase;
			buildActionMask = 2147483647;
			files = (
			);
			runOnlyForDeploymentPostprocessing = 0;
		};
/* End PBXResourcesBuildPhase section */

/* Begin PBXSourcesBuildPhase section */
		371555AF1EC23D7800920D24 /* Sources */ = {
			isa = PBXSourcesBuildPhase;
			buildActionMask = 2147483647;
			files = (
				371555B91EC23D7800920D24 /* ViewController.swift in Sources */,
				371555B71EC23D7800920D24 /* AppDelegate.swift in Sources */,
			);
			runOnlyForDeploymentPostprocessing = 0;
		};
		371555C31EC23D7800920D24 /* Sources */ = {
			isa = PBXSourcesBuildPhase;
			buildActionMask = 2147483647;
			files = (
				371555CC1EC23D7800920D24 /* TestTests.swift in Sources */,
			);
			runOnlyForDeploymentPostprocessing = 0;
		};
		371555CE1EC23D7800920D24 /* Sources */ = {
			isa = PBXSourcesBuildPhase;
			buildActionMask = 2147483647;
			files = (
				371555D71EC23D7800920D24 /* TestUITests.swift in Sources */,
			);
			runOnlyForDeploymentPostprocessing = 0;
		};
/* End PBXSourcesBuildPhase section */

/* Begin PBXTargetDependency section */
		371555C91EC23D7800920D24 /* PBXTargetDependency */ = {
			isa = PBXTargetDependency;
			target = 371555B21EC23D7800920D24 /* Test */;
			targetProxy = 371555C81EC23D7800920D24 /* PBXContainerItemProxy */;
		};
		371555D41EC23D7800920D24 /* PBXTargetDependency */ = {
			isa = PBXTargetDependency;
			target = 371555B21EC23D7800920D24 /* Test */;
			targetProxy = 371555D31EC23D7800920D24 /* PBXContainerItemProxy */;
		};
/* End PBXTargetDependency section */

/* Begin PBXVariantGroup section */
		371555BA1EC23D7800920D24 /* Main.storyboard */ = {
			isa = PBXVariantGroup;
			children = (
				371555BB1EC23D7800920D24 /* Base */,
			);
			name = Main.storyboard;
			sourceTree = "<group>";
		};
		371555BF1EC23D7800920D24 /* LaunchScreen.storyboard */ = {
			isa = PBXVariantGroup;
			children = (
				371555C01EC23D7800920D24 /* Base */,
			);
			name = LaunchScreen.storyboard;
			sourceTree = "<group>";
		};
/* End PBXVariantGroup section */

/* Begin XCBuildConfiguration section */
		371555D91EC23D7800920D24 /* Debug */ = {
			isa = XCBuildConfiguration;
			buildSettings = {
				ALWAYS_SEARCH_USER_PATHS = NO;
				CLANG_ANALYZER_NONNULL = YES;
				CLANG_CXX_LANGUAGE_STANDARD = "gnu++0x";
				CLANG_CXX_LIBRARY = "libc++";
				CLANG_ENABLE_MODULES = YES;
				CLANG_ENABLE_OBJC_ARC = YES;
				CLANG_WARN_BOOL_CONVERSION = YES;
				CLANG_WARN_CONSTANT_CONVERSION = YES;
				CLANG_WARN_DIRECT_OBJC_ISA_USAGE = YES_ERROR;
				CLANG_WARN_DOCUMENTATION_COMMENTS = YES;
				CLANG_WARN_EMPTY_BODY = YES;
				CLANG_WARN_ENUM_CONVERSION = YES;
				CLANG_WARN_INFINITE_RECURSION = YES;
				CLANG_WARN_INT_CONVERSION = YES;
				CLANG_WARN_OBJC_ROOT_CLASS = YES_ERROR;
				CLANG_WARN_SUSPICIOUS_MOVE = YES;
				CLANG_WARN_UNREACHABLE_CODE = YES;
				CLANG_WARN__DUPLICATE_METHOD_MATCH = YES;
				"CODE_SIGN_IDENTITY[sdk=iphoneos*]" = "iPhone Developer";
				COPY_PHASE_STRIP = NO;
				DEBUG_INFORMATION_FORMAT = dwarf;
				ENABLE_STRICT_OBJC_MSGSEND = YES;
				ENABLE_TESTABILITY = YES;
				GCC_C_LANGUAGE_STANDARD = gnu99;
				GCC_DYNAMIC_NO_PIC = NO;
				GCC_NO_COMMON_BLOCKS = YES;
				GCC_OPTIMIZATION_LEVEL = 0;
				GCC_PREPROCESSOR_DEFINITIONS = (
					"DEBUG=1",
					"$(inherited)",
				);
				GCC_WARN_64_TO_32_BIT_CONVERSION = YES;
				GCC_WARN_ABOUT_RETURN_TYPE = YES_ERROR;
				GCC_WARN_UNDECLARED_SELECTOR = YES;
				GCC_WARN_UNINITIALIZED_AUTOS = YES_AGGRESSIVE;
				GCC_WARN_UNUSED_FUNCTION = YES;
				GCC_WARN_UNUSED_VARIABLE = YES;
				IPHONEOS_DEPLOYMENT_TARGET = 10.2;
				MTL_ENABLE_DEBUG_INFO = YES;
				ONLY_ACTIVE_ARCH = YES;
				SDKROOT = iphoneos;
				SWIFT_ACTIVE_COMPILATION_CONDITIONS = DEBUG;
				SWIFT_OPTIMIZATION_LEVEL = "-Onone";
				TARGETED_DEVICE_FAMILY = "1,2";
			};
			name = Debug;
		};
		371555DA1EC23D7800920D24 /* Release */ = {
			isa = XCBuildConfiguration;
			buildSettings = {
				ALWAYS_SEARCH_USER_PATHS = NO;
				CLANG_ANALYZER_NONNULL = YES;
				CLANG_CXX_LANGUAGE_STANDARD = "gnu++0x";
				CLANG_CXX_LIBRARY = "libc++";
				CLANG_ENABLE_MODULES = YES;
				CLANG_ENABLE_OBJC_ARC = YES;
				CLANG_WARN_BOOL_CONVERSION = YES;
				CLANG_WARN_CONSTANT_CONVERSION = YES;
				CLANG_WARN_DIRECT_OBJC_ISA_USAGE = YES_ERROR;
				CLANG_WARN_DOCUMENTATION_COMMENTS = YES;
				CLANG_WARN_EMPTY_BODY = YES;
				CLANG_WARN_ENUM_CONVERSION = YES;
				CLANG_WARN_INFINITE_RECURSION = YES;
				CLANG_WARN_INT_CONVERSION = YES;
				CLANG_WARN_OBJC_ROOT_CLASS = YES_ERROR;
				CLANG_WARN_SUSPICIOUS_MOVE = YES;
				CLANG_WARN_UNREACHABLE_CODE = YES;
				CLANG_WARN__DUPLICATE_METHOD_MATCH = YES;
				"CODE_SIGN_IDENTITY[sdk=iphoneos*]" = "iPhone Developer";
				COPY_PHASE_STRIP = NO;
				DEBUG_INFORMATION_FORMAT = "dwarf-with-dsym";
				ENABLE_NS_ASSERTIONS = NO;
				ENABLE_STRICT_OBJC_MSGSEND = YES;
				GCC_C_LANGUAGE_STANDARD = gnu99;
				GCC_NO_COMMON_BLOCKS = YES;
				GCC_WARN_64_TO_32_BIT_CONVERSION = YES;
				GCC_WARN_ABOUT_RETURN_TYPE = YES_ERROR;
				GCC_WARN_UNDECLARED_SELECTOR = YES;
				GCC_WARN_UNINITIALIZED_AUTOS = YES_AGGRESSIVE;
				GCC_WARN_UNUSED_FUNCTION = YES;
				GCC_WARN_UNUSED_VARIABLE = YES;
				IPHONEOS_DEPLOYMENT_TARGET = 10.2;
				MTL_ENABLE_DEBUG_INFO = NO;
				SDKROOT = iphoneos;
				SWIFT_OPTIMIZATION_LEVEL = "-Owholemodule";
				TARGETED_DEVICE_FAMILY = "1,2";
				VALIDATE_PRODUCT = YES;
			};
			name = Release;
		};
		371555DC1EC23D7800920D24 /* Debug */ = {
			isa = XCBuildConfiguration;
			buildSettings = {
				ASSETCATALOG_COMPILER_APPICON_NAME = AppIcon;
				INFOPLIST_FILE = Test/Info.plist;
				LD_RUNPATH_SEARCH_PATHS = "$(inherited) @executable_path/Frameworks";
				PRODUCT_BUNDLE_IDENTIFIER = Program2.Test;
				PRODUCT_NAME = "$(TARGET_NAME)";
				SWIFT_VERSION = 3.0;
			};
			name = Debug;
		};
		371555DD1EC23D7800920D24 /* Release */ = {
			isa = XCBuildConfiguration;
			buildSettings = {
				ASSETCATALOG_COMPILER_APPICON_NAME = AppIcon;
				INFOPLIST_FILE = Test/Info.plist;
				LD_RUNPATH_SEARCH_PATHS = "$(inherited) @executable_path/Frameworks";
				PRODUCT_BUNDLE_IDENTIFIER = Program2.Test;
				PRODUCT_NAME = "$(TARGET_NAME)";
				SWIFT_VERSION = 3.0;
			};
			name = Release;
		};
		371555DF1EC23D7800920D24 /* Debug */ = {
			isa = XCBuildConfiguration;
			buildSettings = {
				ALWAYS_EMBED_SWIFT_STANDARD_LIBRARIES = YES;
				BUNDLE_LOADER = "$(TEST_HOST)";
				INFOPLIST_FILE = TestTests/Info.plist;
				LD_RUNPATH_SEARCH_PATHS = "$(inherited) @executable_path/Frameworks @loader_path/Frameworks";
				PRODUCT_BUNDLE_IDENTIFIER = Program2.TestTests;
				PRODUCT_NAME = "$(TARGET_NAME)";
				SWIFT_VERSION = 3.0;
				TEST_HOST = "$(BUILT_PRODUCTS_DIR)/Test.app/Test";
			};
			name = Debug;
		};
		371555E01EC23D7800920D24 /* Release */ = {
			isa = XCBuildConfiguration;
			buildSettings = {
				ALWAYS_EMBED_SWIFT_STANDARD_LIBRARIES = YES;
				BUNDLE_LOADER = "$(TEST_HOST)";
				INFOPLIST_FILE = TestTests/Info.plist;
				LD_RUNPATH_SEARCH_PATHS = "$(inherited) @executable_path/Frameworks @loader_path/Frameworks";
				PRODUCT_BUNDLE_IDENTIFIER = Program2.TestTests;
				PRODUCT_NAME = "$(TARGET_NAME)";
				SWIFT_VERSION = 3.0;
				TEST_HOST = "$(BUILT_PRODUCTS_DIR)/Test.app/Test";
			};
			name = Release;
		};
		371555E21EC23D7800920D24 /* Debug */ = {
			isa = XCBuildConfiguration;
			buildSettings = {
				ALWAYS_EMBED_SWIFT_STANDARD_LIBRARIES = YES;
				INFOPLIST_FILE = TestUITests/Info.plist;
				LD_RUNPATH_SEARCH_PATHS = "$(inherited) @executable_path/Frameworks @loader_path/Frameworks";
				PRODUCT_BUNDLE_IDENTIFIER = Program2.TestUITests;
				PRODUCT_NAME = "$(TARGET_NAME)";
				SWIFT_VERSION = 3.0;
				TEST_TARGET_NAME = Test;
			};
			name = Debug;
		};
		371555E31EC23D7800920D24 /* Release */ = {
			isa = XCBuildConfiguration;
			buildSettings = {
				ALWAYS_EMBED_SWIFT_STANDARD_LIBRARIES = YES;
				INFOPLIST_FILE = TestUITests/Info.plist;
				LD_RUNPATH_SEARCH_PATHS = "$(inherited) @executable_path/Frameworks @loader_path/Frameworks";
				PRODUCT_BUNDLE_IDENTIFIER = Program2.TestUITests;
				PRODUCT_NAME = "$(TARGET_NAME)";
				SWIFT_VERSION = 3.0;
				TEST_TARGET_NAME = Test;
			};
			name = Release;
		};
/* End XCBuildConfiguration section */

/* Begin XCConfigurationList section */
		371555AE1EC23D7800920D24 /* Build configuration list for PBXProject "Test" */ = {
			isa = XCConfigurationList;
			buildConfigurations = (
				371555D91EC23D7800920D24 /* Debug */,
				371555DA1EC23D7800920D24 /* Release */,
			);
			defaultConfigurationIsVisible = 0;
			defaultConfigurationName = Release;
		};
		371555DB1EC23D7800920D24 /* Build configuration list for PBXNativeTarget "Test" */ = {
			isa = XCConfigurationList;
			buildConfigurations = (
				371555DC1EC23D7800920D24 /* Debug */,
				371555DD1EC23D7800920D24 /* Release */,
			);
			defaultConfigurationIsVisible = 0;
		};
		371555DE1EC23D7800920D24 /* Build configuration list for PBXNativeTarget "TestTests" */ = {
			isa = XCConfigurationList;
			buildConfigurations = (
				371555DF1EC23D7800920D24 /* Debug */,
				371555E01EC23D7800920D24 /* Release */,
			);
			defaultConfigurationIsVisible = 0;
		};
		371555E11EC23D7800920D24 /* Build configuration list for PBXNativeTarget "TestUITests" */ = {
			isa = XCConfigurationList;
			buildConfigurations = (
				371555E21EC23D7800920D24 /* Debug */,
				371555E31EC23D7800920D24 /* Release */,
			);
			defaultConfigurationIsVisible = 0;
		};
/* End XCConfigurationList section */
	};
	rootObject = 371555AB1EC23D7800920D24 /* Project object */;
}
